// !$*UTF8*$!
{
	archiveVersion = 1;
	classes = {
	};
	objectVersion = 56;
	objects = {

/* Begin PBXBuildFile section */
		CECEFC2DEEA1250110CA24C5 /* Pods_SportsApp.framework in Frameworks */ = {isa = PBXBuildFile; fileRef = 58426D4B668E1EF3F7976228 /* Pods_SportsApp.framework */; };
		CF02BAE42A06F16C00E68CBA /* FavouriteItem.swift in Sources */ = {isa = PBXBuildFile; fileRef = CF02BAE32A06F16C00E68CBA /* FavouriteItem.swift */; };
		CF5D41D02A0570F300FFA0A0 /* FavTableViewCell.swift in Sources */ = {isa = PBXBuildFile; fileRef = CF5D41CF2A0570F200FFA0A0 /* FavTableViewCell.swift */; };
		CF5D41D42A05723C00FFA0A0 /* FavViewController.swift in Sources */ = {isa = PBXBuildFile; fileRef = CF5D41D32A05723C00FFA0A0 /* FavViewController.swift */; };
		CF5D41D62A057FA900FFA0A0 /* PlayerInfoViewController.swift in Sources */ = {isa = PBXBuildFile; fileRef = CF5D41D52A057FA900FFA0A0 /* PlayerInfoViewController.swift */; };
		CF85FD5729FFE2CE00362B53 /* AppDelegate.swift in Sources */ = {isa = PBXBuildFile; fileRef = CF85FD5629FFE2CE00362B53 /* AppDelegate.swift */; };
		CF85FD5929FFE2CE00362B53 /* SceneDelegate.swift in Sources */ = {isa = PBXBuildFile; fileRef = CF85FD5829FFE2CE00362B53 /* SceneDelegate.swift */; };
		CF85FD5B29FFE2CE00362B53 /* ViewController.swift in Sources */ = {isa = PBXBuildFile; fileRef = CF85FD5A29FFE2CE00362B53 /* ViewController.swift */; };
		CF85FD5E29FFE2CE00362B53 /* Main.storyboard in Resources */ = {isa = PBXBuildFile; fileRef = CF85FD5C29FFE2CE00362B53 /* Main.storyboard */; };
		CF85FD6129FFE2CE00362B53 /* SportsApp.xcdatamodeld in Sources */ = {isa = PBXBuildFile; fileRef = CF85FD5F29FFE2CE00362B53 /* SportsApp.xcdatamodeld */; };
		CF85FD6329FFE2D100362B53 /* Assets.xcassets in Resources */ = {isa = PBXBuildFile; fileRef = CF85FD6229FFE2D100362B53 /* Assets.xcassets */; };
		CF85FD6629FFE2D100362B53 /* LaunchScreen.storyboard in Resources */ = {isa = PBXBuildFile; fileRef = CF85FD6429FFE2D100362B53 /* LaunchScreen.storyboard */; };
		CF85FD7029FFE60200362B53 /* SplashController.swift in Sources */ = {isa = PBXBuildFile; fileRef = CF85FD6F29FFE60200362B53 /* SplashController.swift */; };
		CF877AE840937E4600808D79 /* MainScreenViewController.swift in Sources */ = {isa = PBXBuildFile; fileRef = CF877AE740937E4600808D79 /* MainScreenViewController.swift */; };
		CF877AEA4093831F00808D79 /* CollectionViewCell.swift in Sources */ = {isa = PBXBuildFile; fileRef = CF877AE94093831F00808D79 /* CollectionViewCell.swift */; };
		CF877AEC4093831F00808D79 /* SportTableViewController.swift in Sources */ = {isa = PBXBuildFile; fileRef = CF877AEB4093831F00808D79 /* SportTableViewController.swift */; };
		CF877AEE4093831F00808D79 /* SportsTableViewCell.swift in Sources */ = {isa = PBXBuildFile; fileRef = CF877AED4093831F00808D79 /* SportsTableViewCell.swift */; };
		CF8D6ECD2A03A770008E2934 /* SportItem.swift in Sources */ = {isa = PBXBuildFile; fileRef = CF8D6ECC2A03A770008E2934 /* SportItem.swift */; };
		CF8D6ECF2A03A9AC008E2934 /* NetworkServices.swift in Sources */ = {isa = PBXBuildFile; fileRef = CF8D6ECE2A03A9AC008E2934 /* NetworkServices.swift */; };
		CF8D6ED12A04086B008E2934 /* EventViewController.swift in Sources */ = {isa = PBXBuildFile; fileRef = CF8D6ED02A04086B008E2934 /* EventViewController.swift */; };
		CF8D6ED32A040CDF008E2934 /* EventCollectionViewCell.swift in Sources */ = {isa = PBXBuildFile; fileRef = CF8D6ED22A040CDF008E2934 /* EventCollectionViewCell.swift */; };
		CF8D6ED52A040CFA008E2934 /* TeamsCollectionViewCell.swift in Sources */ = {isa = PBXBuildFile; fileRef = CF8D6ED42A040CFA008E2934 /* TeamsCollectionViewCell.swift */; };
		CF8D6ED72A040D40008E2934 /* ResultTableViewCell.swift in Sources */ = {isa = PBXBuildFile; fileRef = CF8D6ED62A040D40008E2934 /* ResultTableViewCell.swift */; };
		CF8FDEAE2A07E12F0060AD7A /* MakeAlert.swift in Sources */ = {isa = PBXBuildFile; fileRef = CF8FDEAD2A07E12F0060AD7A /* MakeAlert.swift */; };
		CF8FDEB12A07F0700060AD7A /* ViewModel.swift in Sources */ = {isa = PBXBuildFile; fileRef = CF8FDEB02A07F0700060AD7A /* ViewModel.swift */; };
		CF8FDEB32A080C190060AD7A /* CoreViewModel.swift in Sources */ = {isa = PBXBuildFile; fileRef = CF8FDEB22A080C190060AD7A /* CoreViewModel.swift */; };
		CF8FDEBB2A081A7B0060AD7A /* SportsAppTests.swift in Sources */ = {isa = PBXBuildFile; fileRef = CF8FDEBA2A081A7B0060AD7A /* SportsAppTests.swift */; };
		CF8FDEC22A0820CA0060AD7A /* EventsTest.swift in Sources */ = {isa = PBXBuildFile; fileRef = CF8FDEC12A0820CA0060AD7A /* EventsTest.swift */; };
		CF8FDEC42A08229C0060AD7A /* LatestResultTest.swift in Sources */ = {isa = PBXBuildFile; fileRef = CF8FDEC32A08229B0060AD7A /* LatestResultTest.swift */; };
		CF8FDEC62A0825BA0060AD7A /* TeamsTest.swift in Sources */ = {isa = PBXBuildFile; fileRef = CF8FDEC52A0825BA0060AD7A /* TeamsTest.swift */; };
		CF8FDEC82A0826DB0060AD7A /* PlayersTest.swift in Sources */ = {isa = PBXBuildFile; fileRef = CF8FDEC72A0826DB0060AD7A /* PlayersTest.swift */; };
		CF8FDECA2A0828CF0060AD7A /* MockNetworkService.swift in Sources */ = {isa = PBXBuildFile; fileRef = CF8FDEC92A0828CF0060AD7A /* MockNetworkService.swift */; };
		CF8FDECC2A082DFC0060AD7A /* MockNetworkServiceTest.swift in Sources */ = {isa = PBXBuildFile; fileRef = CF8FDECB2A082DFC0060AD7A /* MockNetworkServiceTest.swift */; };
		CF9324172A03936100371AE7 /* DetailsViewController.swift in Sources */ = {isa = PBXBuildFile; fileRef = CF9324162A03936100371AE7 /* DetailsViewController.swift */; };
		CF9324192A0394D700371AE7 /* DetailsTableViewCell.swift in Sources */ = {isa = PBXBuildFile; fileRef = CF9324182A0394D700371AE7 /* DetailsTableViewCell.swift */; };
/* End PBXBuildFile section */

/* Begin PBXContainerItemProxy section */
		CF8FDEBC2A081A7B0060AD7A /* PBXContainerItemProxy */ = {
			isa = PBXContainerItemProxy;
			containerPortal = CF85FD4B29FFE2CE00362B53 /* Project object */;
			proxyType = 1;
			remoteGlobalIDString = CF85FD5229FFE2CE00362B53;
			remoteInfo = SportsApp;
		};
/* End PBXContainerItemProxy section */

/* Begin PBXFileReference section */
		51B3B26B509DA6BF9CFD4E3A /* Pods-SportsApp.debug.xcconfig */ = {isa = PBXFileReference; includeInIndex = 1; lastKnownFileType = text.xcconfig; name = "Pods-SportsApp.debug.xcconfig"; path = "Target Support Files/Pods-SportsApp/Pods-SportsApp.debug.xcconfig"; sourceTree = "<group>"; };
		58426D4B668E1EF3F7976228 /* Pods_SportsApp.framework */ = {isa = PBXFileReference; explicitFileType = wrapper.framework; includeInIndex = 0; path = Pods_SportsApp.framework; sourceTree = BUILT_PRODUCTS_DIR; };
		9396E6374F80A932A3819681 /* Pods-SportsApp.release.xcconfig */ = {isa = PBXFileReference; includeInIndex = 1; lastKnownFileType = text.xcconfig; name = "Pods-SportsApp.release.xcconfig"; path = "Target Support Files/Pods-SportsApp/Pods-SportsApp.release.xcconfig"; sourceTree = "<group>"; };
		CF02BAE32A06F16C00E68CBA /* FavouriteItem.swift */ = {isa = PBXFileReference; lastKnownFileType = sourcecode.swift; path = FavouriteItem.swift; sourceTree = "<group>"; };
		CF5D41CF2A0570F200FFA0A0 /* FavTableViewCell.swift */ = {isa = PBXFileReference; lastKnownFileType = sourcecode.swift; path = FavTableViewCell.swift; sourceTree = "<group>"; };
		CF5D41D32A05723C00FFA0A0 /* FavViewController.swift */ = {isa = PBXFileReference; lastKnownFileType = sourcecode.swift; path = FavViewController.swift; sourceTree = "<group>"; };
		CF5D41D52A057FA900FFA0A0 /* PlayerInfoViewController.swift */ = {isa = PBXFileReference; lastKnownFileType = sourcecode.swift; path = PlayerInfoViewController.swift; sourceTree = "<group>"; };
		CF85FD5329FFE2CE00362B53 /* SportsApp.app */ = {isa = PBXFileReference; explicitFileType = wrapper.application; includeInIndex = 0; path = SportsApp.app; sourceTree = BUILT_PRODUCTS_DIR; };
		CF85FD5629FFE2CE00362B53 /* AppDelegate.swift */ = {isa = PBXFileReference; lastKnownFileType = sourcecode.swift; path = AppDelegate.swift; sourceTree = "<group>"; };
		CF85FD5829FFE2CE00362B53 /* SceneDelegate.swift */ = {isa = PBXFileReference; lastKnownFileType = sourcecode.swift; path = SceneDelegate.swift; sourceTree = "<group>"; };
		CF85FD5A29FFE2CE00362B53 /* ViewController.swift */ = {isa = PBXFileReference; lastKnownFileType = sourcecode.swift; path = ViewController.swift; sourceTree = "<group>"; };
		CF85FD5D29FFE2CE00362B53 /* Base */ = {isa = PBXFileReference; lastKnownFileType = file.storyboard; name = Base; path = Base.lproj/Main.storyboard; sourceTree = "<group>"; };
		CF85FD6029FFE2CE00362B53 /* SportsApp.xcdatamodel */ = {isa = PBXFileReference; lastKnownFileType = wrapper.xcdatamodel; path = SportsApp.xcdatamodel; sourceTree = "<group>"; };
		CF85FD6229FFE2D100362B53 /* Assets.xcassets */ = {isa = PBXFileReference; lastKnownFileType = folder.assetcatalog; path = Assets.xcassets; sourceTree = "<group>"; };
		CF85FD6529FFE2D100362B53 /* Base */ = {isa = PBXFileReference; lastKnownFileType = file.storyboard; name = Base; path = Base.lproj/LaunchScreen.storyboard; sourceTree = "<group>"; };
		CF85FD6729FFE2D100362B53 /* Info.plist */ = {isa = PBXFileReference; lastKnownFileType = text.plist.xml; path = Info.plist; sourceTree = "<group>"; };
		CF85FD6F29FFE60200362B53 /* SplashController.swift */ = {isa = PBXFileReference; lastKnownFileType = sourcecode.swift; path = SplashController.swift; sourceTree = "<group>"; };
		CF877AE740937E4600808D79 /* MainScreenViewController.swift */ = {isa = PBXFileReference; lastKnownFileType = sourcecode.swift; path = MainScreenViewController.swift; sourceTree = "<group>"; };
		CF877AE94093831F00808D79 /* CollectionViewCell.swift */ = {isa = PBXFileReference; lastKnownFileType = sourcecode.swift; path = CollectionViewCell.swift; sourceTree = "<group>"; };
		CF877AEB4093831F00808D79 /* SportTableViewController.swift */ = {isa = PBXFileReference; lastKnownFileType = sourcecode.swift; path = SportTableViewController.swift; sourceTree = "<group>"; };
		CF877AED4093831F00808D79 /* SportsTableViewCell.swift */ = {isa = PBXFileReference; lastKnownFileType = sourcecode.swift; path = SportsTableViewCell.swift; sourceTree = "<group>"; };
		CF8D6ECC2A03A770008E2934 /* SportItem.swift */ = {isa = PBXFileReference; lastKnownFileType = sourcecode.swift; path = SportItem.swift; sourceTree = "<group>"; };
		CF8D6ECE2A03A9AC008E2934 /* NetworkServices.swift */ = {isa = PBXFileReference; lastKnownFileType = sourcecode.swift; path = NetworkServices.swift; sourceTree = "<group>"; };
		CF8D6ED02A04086B008E2934 /* EventViewController.swift */ = {isa = PBXFileReference; lastKnownFileType = sourcecode.swift; path = EventViewController.swift; sourceTree = "<group>"; };
		CF8D6ED22A040CDF008E2934 /* EventCollectionViewCell.swift */ = {isa = PBXFileReference; lastKnownFileType = sourcecode.swift; path = EventCollectionViewCell.swift; sourceTree = "<group>"; };
		CF8D6ED42A040CFA008E2934 /* TeamsCollectionViewCell.swift */ = {isa = PBXFileReference; lastKnownFileType = sourcecode.swift; path = TeamsCollectionViewCell.swift; sourceTree = "<group>"; };
		CF8D6ED62A040D40008E2934 /* ResultTableViewCell.swift */ = {isa = PBXFileReference; lastKnownFileType = sourcecode.swift; path = ResultTableViewCell.swift; sourceTree = "<group>"; };
		CF8FDEAD2A07E12F0060AD7A /* MakeAlert.swift */ = {isa = PBXFileReference; lastKnownFileType = sourcecode.swift; path = MakeAlert.swift; sourceTree = "<group>"; };
		CF8FDEB02A07F0700060AD7A /* ViewModel.swift */ = {isa = PBXFileReference; lastKnownFileType = sourcecode.swift; path = ViewModel.swift; sourceTree = "<group>"; };
		CF8FDEB22A080C190060AD7A /* CoreViewModel.swift */ = {isa = PBXFileReference; lastKnownFileType = sourcecode.swift; path = CoreViewModel.swift; sourceTree = "<group>"; };
		CF8FDEB82A081A7B0060AD7A /* SportsAppTests.xctest */ = {isa = PBXFileReference; explicitFileType = wrapper.cfbundle; includeInIndex = 0; path = SportsAppTests.xctest; sourceTree = BUILT_PRODUCTS_DIR; };
		CF8FDEBA2A081A7B0060AD7A /* SportsAppTests.swift */ = {isa = PBXFileReference; lastKnownFileType = sourcecode.swift; path = SportsAppTests.swift; sourceTree = "<group>"; };
		CF8FDEC12A0820CA0060AD7A /* EventsTest.swift */ = {isa = PBXFileReference; lastKnownFileType = sourcecode.swift; path = EventsTest.swift; sourceTree = "<group>"; };
		CF8FDEC32A08229B0060AD7A /* LatestResultTest.swift */ = {isa = PBXFileReference; lastKnownFileType = sourcecode.swift; path = LatestResultTest.swift; sourceTree = "<group>"; };
		CF8FDEC52A0825BA0060AD7A /* TeamsTest.swift */ = {isa = PBXFileReference; lastKnownFileType = sourcecode.swift; path = TeamsTest.swift; sourceTree = "<group>"; };
		CF8FDEC72A0826DB0060AD7A /* PlayersTest.swift */ = {isa = PBXFileReference; lastKnownFileType = sourcecode.swift; path = PlayersTest.swift; sourceTree = "<group>"; };
		CF8FDEC92A0828CF0060AD7A /* MockNetworkService.swift */ = {isa = PBXFileReference; lastKnownFileType = sourcecode.swift; path = MockNetworkService.swift; sourceTree = "<group>"; };
		CF8FDECB2A082DFC0060AD7A /* MockNetworkServiceTest.swift */ = {isa = PBXFileReference; lastKnownFileType = sourcecode.swift; path = MockNetworkServiceTest.swift; sourceTree = "<group>"; };
		CF9324162A03936100371AE7 /* DetailsViewController.swift */ = {isa = PBXFileReference; lastKnownFileType = sourcecode.swift; path = DetailsViewController.swift; sourceTree = "<group>"; };
		CF9324182A0394D700371AE7 /* DetailsTableViewCell.swift */ = {isa = PBXFileReference; lastKnownFileType = sourcecode.swift; path = DetailsTableViewCell.swift; sourceTree = "<group>"; };
/* End PBXFileReference section */

/* Begin PBXFrameworksBuildPhase section */
		CF85FD5029FFE2CE00362B53 /* Frameworks */ = {
			isa = PBXFrameworksBuildPhase;
			buildActionMask = 2147483647;
			files = (
				CECEFC2DEEA1250110CA24C5 /* Pods_SportsApp.framework in Frameworks */,
			);
			runOnlyForDeploymentPostprocessing = 0;
		};
		CF8FDEB52A081A7B0060AD7A /* Frameworks */ = {
			isa = PBXFrameworksBuildPhase;
			buildActionMask = 2147483647;
			files = (
			);
			runOnlyForDeploymentPostprocessing = 0;
		};
/* End PBXFrameworksBuildPhase section */

/* Begin PBXGroup section */
		19D75D4B99EF633DD2F5B501 /* Frameworks */ = {
			isa = PBXGroup;
			children = (
				58426D4B668E1EF3F7976228 /* Pods_SportsApp.framework */,
			);
			name = Frameworks;
			sourceTree = "<group>";
		};
		759FF7BF2AECFA74C5CEEBB8 /* Pods */ = {
			isa = PBXGroup;
			children = (
				51B3B26B509DA6BF9CFD4E3A /* Pods-SportsApp.debug.xcconfig */,
				9396E6374F80A932A3819681 /* Pods-SportsApp.release.xcconfig */,
			);
			path = Pods;
			sourceTree = "<group>";
		};
		CF85FD4A29FFE2CE00362B53 = {
			isa = PBXGroup;
			children = (
				CF85FD5529FFE2CE00362B53 /* SportsApp */,
				CF8FDEB92A081A7B0060AD7A /* SportsAppTests */,
				CF85FD5429FFE2CE00362B53 /* Products */,
				759FF7BF2AECFA74C5CEEBB8 /* Pods */,
				19D75D4B99EF633DD2F5B501 /* Frameworks */,
			);
			sourceTree = "<group>";
		};
		CF85FD5429FFE2CE00362B53 /* Products */ = {
			isa = PBXGroup;
			children = (
				CF85FD5329FFE2CE00362B53 /* SportsApp.app */,
				CF8FDEB82A081A7B0060AD7A /* SportsAppTests.xctest */,
			);
			name = Products;
			sourceTree = "<group>";
		};
		CF85FD5529FFE2CE00362B53 /* SportsApp */ = {
			isa = PBXGroup;
			children = (
				CF8FDEAF2A07F0570060AD7A /* ViewModel */,
				CF93241C2A0399BB00371AE7 /* Model */,
				CF93241A2A03998700371AE7 /* View */,
				CF85FD5629FFE2CE00362B53 /* AppDelegate.swift */,
				CF85FD5829FFE2CE00362B53 /* SceneDelegate.swift */,
				CF85FD6229FFE2D100362B53 /* Assets.xcassets */,
				CF85FD6729FFE2D100362B53 /* Info.plist */,
				CF85FD5F29FFE2CE00362B53 /* SportsApp.xcdatamodeld */,
			);
			path = SportsApp;
			sourceTree = "<group>";
		};
		CF8FDEAF2A07F0570060AD7A /* ViewModel */ = {
			isa = PBXGroup;
			children = (
				CF8FDEB02A07F0700060AD7A /* ViewModel.swift */,
				CF8FDEB22A080C190060AD7A /* CoreViewModel.swift */,
			);
			path = ViewModel;
			sourceTree = "<group>";
		};
		CF8FDEB92A081A7B0060AD7A /* SportsAppTests */ = {
			isa = PBXGroup;
			children = (
				CF8FDEBA2A081A7B0060AD7A /* SportsAppTests.swift */,
				CF8FDEC12A0820CA0060AD7A /* EventsTest.swift */,
				CF8FDEC32A08229B0060AD7A /* LatestResultTest.swift */,
				CF8FDEC52A0825BA0060AD7A /* TeamsTest.swift */,
				CF8FDEC72A0826DB0060AD7A /* PlayersTest.swift */,
				CF8FDEC92A0828CF0060AD7A /* MockNetworkService.swift */,
				CF8FDECB2A082DFC0060AD7A /* MockNetworkServiceTest.swift */,
			);
			path = SportsAppTests;
			sourceTree = "<group>";
		};
		CF93241A2A03998700371AE7 /* View */ = {
			isa = PBXGroup;
			children = (
				CF93241B2A03999C00371AE7 /* Controller */,
				CF9324182A0394D700371AE7 /* DetailsTableViewCell.swift */,
				CF877AED4093831F00808D79 /* SportsTableViewCell.swift */,
				CF877AE94093831F00808D79 /* CollectionViewCell.swift */,
				CF85FD6429FFE2D100362B53 /* LaunchScreen.storyboard */,
				CF85FD5C29FFE2CE00362B53 /* Main.storyboard */,
				CF8D6ED22A040CDF008E2934 /* EventCollectionViewCell.swift */,
				CF8D6ED42A040CFA008E2934 /* TeamsCollectionViewCell.swift */,
				CF8D6ED62A040D40008E2934 /* ResultTableViewCell.swift */,
				CF5D41CF2A0570F200FFA0A0 /* FavTableViewCell.swift */,
				CF8FDEAD2A07E12F0060AD7A /* MakeAlert.swift */,
			);
			path = View;
			sourceTree = "<group>";
		};
		CF93241B2A03999C00371AE7 /* Controller */ = {
			isa = PBXGroup;
			children = (
				CF85FD5A29FFE2CE00362B53 /* ViewController.swift */,
				CF85FD6F29FFE60200362B53 /* SplashController.swift */,
				CF9324162A03936100371AE7 /* DetailsViewController.swift */,
				CF877AE740937E4600808D79 /* MainScreenViewController.swift */,
				CF877AEB4093831F00808D79 /* SportTableViewController.swift */,
				CF8D6ED02A04086B008E2934 /* EventViewController.swift */,
				CF5D41D32A05723C00FFA0A0 /* FavViewController.swift */,
				CF5D41D52A057FA900FFA0A0 /* PlayerInfoViewController.swift */,
			);
			path = Controller;
			sourceTree = "<group>";
		};
		CF93241C2A0399BB00371AE7 /* Model */ = {
			isa = PBXGroup;
			children = (
				CF8D6ECC2A03A770008E2934 /* SportItem.swift */,
				CF8D6ECE2A03A9AC008E2934 /* NetworkServices.swift */,
				CF02BAE32A06F16C00E68CBA /* FavouriteItem.swift */,
			);
			path = Model;
			sourceTree = "<group>";
		};
/* End PBXGroup section */

/* Begin PBXNativeTarget section */
		CF85FD5229FFE2CE00362B53 /* SportsApp */ = {
			isa = PBXNativeTarget;
			buildConfigurationList = CF85FD6A29FFE2D100362B53 /* Build configuration list for PBXNativeTarget "SportsApp" */;
			buildPhases = (
				72A9CF77DC084AD7469FE6A9 /* [CP] Check Pods Manifest.lock */,
				CF85FD4F29FFE2CE00362B53 /* Sources */,
				CF85FD5029FFE2CE00362B53 /* Frameworks */,
				CF85FD5129FFE2CE00362B53 /* Resources */,
				BC50194B1B30D911FAC3658A /* [CP] Embed Pods Frameworks */,
			);
			buildRules = (
			);
			dependencies = (
			);
			name = SportsApp;
			productName = SportsApp;
			productReference = CF85FD5329FFE2CE00362B53 /* SportsApp.app */;
			productType = "com.apple.product-type.application";
		};
		CF8FDEB72A081A7B0060AD7A /* SportsAppTests */ = {
			isa = PBXNativeTarget;
			buildConfigurationList = CF8FDEBE2A081A7B0060AD7A /* Build configuration list for PBXNativeTarget "SportsAppTests" */;
			buildPhases = (
				CF8FDEB42A081A7B0060AD7A /* Sources */,
				CF8FDEB52A081A7B0060AD7A /* Frameworks */,
				CF8FDEB62A081A7B0060AD7A /* Resources */,
			);
			buildRules = (
			);
			dependencies = (
				CF8FDEBD2A081A7B0060AD7A /* PBXTargetDependency */,
			);
			name = SportsAppTests;
			productName = SportsAppTests;
			productReference = CF8FDEB82A081A7B0060AD7A /* SportsAppTests.xctest */;
			productType = "com.apple.product-type.bundle.unit-test";
		};
/* End PBXNativeTarget section */

/* Begin PBXProject section */
		CF85FD4B29FFE2CE00362B53 /* Project object */ = {
			isa = PBXProject;
			attributes = {
				BuildIndependentTargetsInParallel = 1;
				LastSwiftUpdateCheck = 1430;
				LastUpgradeCheck = 1430;
				TargetAttributes = {
					CF85FD5229FFE2CE00362B53 = {
						CreatedOnToolsVersion = 14.3;
					};
					CF8FDEB72A081A7B0060AD7A = {
						CreatedOnToolsVersion = 14.3;
						TestTargetID = CF85FD5229FFE2CE00362B53;
					};
				};
			};
			buildConfigurationList = CF85FD4E29FFE2CE00362B53 /* Build configuration list for PBXProject "SportsApp" */;
			compatibilityVersion = "Xcode 14.0";
			developmentRegion = en;
			hasScannedForEncodings = 0;
			knownRegions = (
				en,
				Base,
			);
			mainGroup = CF85FD4A29FFE2CE00362B53;
			productRefGroup = CF85FD5429FFE2CE00362B53 /* Products */;
			projectDirPath = "";
			projectRoot = "";
			targets = (
				CF85FD5229FFE2CE00362B53 /* SportsApp */,
				CF8FDEB72A081A7B0060AD7A /* SportsAppTests */,
			);
		};
/* End PBXProject section */

/* Begin PBXResourcesBuildPhase section */
		CF85FD5129FFE2CE00362B53 /* Resources */ = {
			isa = PBXResourcesBuildPhase;
			buildActionMask = 2147483647;
			files = (
				CF85FD6629FFE2D100362B53 /* LaunchScreen.storyboard in Resources */,
				CF85FD6329FFE2D100362B53 /* Assets.xcassets in Resources */,
				CF85FD5E29FFE2CE00362B53 /* Main.storyboard in Resources */,
			);
			runOnlyForDeploymentPostprocessing = 0;
		};
		CF8FDEB62A081A7B0060AD7A /* Resources */ = {
			isa = PBXResourcesBuildPhase;
			buildActionMask = 2147483647;
			files = (
			);
			runOnlyForDeploymentPostprocessing = 0;
		};
/* End PBXResourcesBuildPhase section */

/* Begin PBXShellScriptBuildPhase section */
		72A9CF77DC084AD7469FE6A9 /* [CP] Check Pods Manifest.lock */ = {
			isa = PBXShellScriptBuildPhase;
			buildActionMask = 2147483647;
			files = (
			);
			inputFileListPaths = (
			);
			inputPaths = (
				"${PODS_PODFILE_DIR_PATH}/Podfile.lock",
				"${PODS_ROOT}/Manifest.lock",
			);
			name = "[CP] Check Pods Manifest.lock";
			outputFileListPaths = (
			);
			outputPaths = (
				"$(DERIVED_FILE_DIR)/Pods-SportsApp-checkManifestLockResult.txt",
			);
			runOnlyForDeploymentPostprocessing = 0;
			shellPath = /bin/sh;
			shellScript = "diff \"${PODS_PODFILE_DIR_PATH}/Podfile.lock\" \"${PODS_ROOT}/Manifest.lock\" > /dev/null\nif [ $? != 0 ] ; then\n    # print error to STDERR\n    echo \"error: The sandbox is not in sync with the Podfile.lock. Run 'pod install' or update your CocoaPods installation.\" >&2\n    exit 1\nfi\n# This output is used by Xcode 'outputs' to avoid re-running this script phase.\necho \"SUCCESS\" > \"${SCRIPT_OUTPUT_FILE_0}\"\n";
			showEnvVarsInLog = 0;
		};
		BC50194B1B30D911FAC3658A /* [CP] Embed Pods Frameworks */ = {
			isa = PBXShellScriptBuildPhase;
			buildActionMask = 2147483647;
			files = (
			);
			inputFileListPaths = (
				"${PODS_ROOT}/Target Support Files/Pods-SportsApp/Pods-SportsApp-frameworks-${CONFIGURATION}-input-files.xcfilelist",
			);
			name = "[CP] Embed Pods Frameworks";
			outputFileListPaths = (
				"${PODS_ROOT}/Target Support Files/Pods-SportsApp/Pods-SportsApp-frameworks-${CONFIGURATION}-output-files.xcfilelist",
			);
			runOnlyForDeploymentPostprocessing = 0;
			shellPath = /bin/sh;
			shellScript = "\"${PODS_ROOT}/Target Support Files/Pods-SportsApp/Pods-SportsApp-frameworks.sh\"\n";
			showEnvVarsInLog = 0;
		};
/* End PBXShellScriptBuildPhase section */

/* Begin PBXSourcesBuildPhase section */
		CF85FD4F29FFE2CE00362B53 /* Sources */ = {
			isa = PBXSourcesBuildPhase;
			buildActionMask = 2147483647;
			files = (
				CF877AEC4093831F00808D79 /* SportTableViewController.swift in Sources */,
				CF5D41D42A05723C00FFA0A0 /* FavViewController.swift in Sources */,
				CF8D6ED32A040CDF008E2934 /* EventCollectionViewCell.swift in Sources */,
				CF8D6ECF2A03A9AC008E2934 /* NetworkServices.swift in Sources */,
				CF85FD5B29FFE2CE00362B53 /* ViewController.swift in Sources */,
				CF8FDEB12A07F0700060AD7A /* ViewModel.swift in Sources */,
				CF85FD5729FFE2CE00362B53 /* AppDelegate.swift in Sources */,
				CF5D41D02A0570F300FFA0A0 /* FavTableViewCell.swift in Sources */,
				CF877AEE4093831F00808D79 /* SportsTableViewCell.swift in Sources */,
				CF02BAE42A06F16C00E68CBA /* FavouriteItem.swift in Sources */,
				CF85FD6129FFE2CE00362B53 /* SportsApp.xcdatamodeld in Sources */,
				CF5D41D62A057FA900FFA0A0 /* PlayerInfoViewController.swift in Sources */,
				CF8D6ECD2A03A770008E2934 /* SportItem.swift in Sources */,
				CF9324192A0394D700371AE7 /* DetailsTableViewCell.swift in Sources */,
				CF8D6ED52A040CFA008E2934 /* TeamsCollectionViewCell.swift in Sources */,
				CF877AEA4093831F00808D79 /* CollectionViewCell.swift in Sources */,
				CF8D6ED12A04086B008E2934 /* EventViewController.swift in Sources */,
				CF8D6ED72A040D40008E2934 /* ResultTableViewCell.swift in Sources */,
				CF85FD5929FFE2CE00362B53 /* SceneDelegate.swift in Sources */,
				CF8FDEB32A080C190060AD7A /* CoreViewModel.swift in Sources */,
				CF8FDEAE2A07E12F0060AD7A /* MakeAlert.swift in Sources */,
				CF85FD7029FFE60200362B53 /* SplashController.swift in Sources */,
				CF877AE840937E4600808D79 /* MainScreenViewController.swift in Sources */,
				CF9324172A03936100371AE7 /* DetailsViewController.swift in Sources */,
			);
			runOnlyForDeploymentPostprocessing = 0;
		};
		CF8FDEB42A081A7B0060AD7A /* Sources */ = {
			isa = PBXSourcesBuildPhase;
			buildActionMask = 2147483647;
			files = (
				CF8FDECC2A082DFC0060AD7A /* MockNetworkServiceTest.swift in Sources */,
				CF8FDECA2A0828CF0060AD7A /* MockNetworkService.swift in Sources */,
				CF8FDEC62A0825BA0060AD7A /* TeamsTest.swift in Sources */,
				CF8FDEC42A08229C0060AD7A /* LatestResultTest.swift in Sources */,
				CF8FDEC82A0826DB0060AD7A /* PlayersTest.swift in Sources */,
				CF8FDEC22A0820CA0060AD7A /* EventsTest.swift in Sources */,
				CF8FDEBB2A081A7B0060AD7A /* SportsAppTests.swift in Sources */,
			);
			runOnlyForDeploymentPostprocessing = 0;
		};
/* End PBXSourcesBuildPhase section */

/* Begin PBXTargetDependency section */
		CF8FDEBD2A081A7B0060AD7A /* PBXTargetDependency */ = {
			isa = PBXTargetDependency;
			target = CF85FD5229FFE2CE00362B53 /* SportsApp */;
			targetProxy = CF8FDEBC2A081A7B0060AD7A /* PBXContainerItemProxy */;
		};
/* End PBXTargetDependency section */

/* Begin PBXVariantGroup section */
		CF85FD5C29FFE2CE00362B53 /* Main.storyboard */ = {
			isa = PBXVariantGroup;
			children = (
				CF85FD5D29FFE2CE00362B53 /* Base */,
			);
			name = Main.storyboard;
			sourceTree = "<group>";
		};
		CF85FD6429FFE2D100362B53 /* LaunchScreen.storyboard */ = {
			isa = PBXVariantGroup;
			children = (
				CF85FD6529FFE2D100362B53 /* Base */,
			);
			name = LaunchScreen.storyboard;
			sourceTree = "<group>";
		};
/* End PBXVariantGroup section */

/* Begin XCBuildConfiguration section */
		CF85FD6829FFE2D100362B53 /* Debug */ = {
			isa = XCBuildConfiguration;
			buildSettings = {
				ALWAYS_SEARCH_USER_PATHS = NO;
				CLANG_ANALYZER_NONNULL = YES;
				CLANG_ANALYZER_NUMBER_OBJECT_CONVERSION = YES_AGGRESSIVE;
				CLANG_CXX_LANGUAGE_STANDARD = "gnu++20";
				CLANG_ENABLE_MODULES = YES;
				CLANG_ENABLE_OBJC_ARC = YES;
				CLANG_ENABLE_OBJC_WEAK = YES;
				CLANG_WARN_BLOCK_CAPTURE_AUTORELEASING = YES;
				CLANG_WARN_BOOL_CONVERSION = YES;
				CLANG_WARN_COMMA = YES;
				CLANG_WARN_CONSTANT_CONVERSION = YES;
				CLANG_WARN_DEPRECATED_OBJC_IMPLEMENTATIONS = YES;
				CLANG_WARN_DIRECT_OBJC_ISA_USAGE = YES_ERROR;
				CLANG_WARN_DOCUMENTATION_COMMENTS = YES;
				CLANG_WARN_EMPTY_BODY = YES;
				CLANG_WARN_ENUM_CONVERSION = YES;
				CLANG_WARN_INFINITE_RECURSION = YES;
				CLANG_WARN_INT_CONVERSION = YES;
				CLANG_WARN_NON_LITERAL_NULL_CONVERSION = YES;
				CLANG_WARN_OBJC_IMPLICIT_RETAIN_SELF = YES;
				CLANG_WARN_OBJC_LITERAL_CONVERSION = YES;
				CLANG_WARN_OBJC_ROOT_CLASS = YES_ERROR;
				CLANG_WARN_QUOTED_INCLUDE_IN_FRAMEWORK_HEADER = YES;
				CLANG_WARN_RANGE_LOOP_ANALYSIS = YES;
				CLANG_WARN_STRICT_PROTOTYPES = YES;
				CLANG_WARN_SUSPICIOUS_MOVE = YES;
				CLANG_WARN_UNGUARDED_AVAILABILITY = YES_AGGRESSIVE;
				CLANG_WARN_UNREACHABLE_CODE = YES;
				CLANG_WARN__DUPLICATE_METHOD_MATCH = YES;
				COPY_PHASE_STRIP = NO;
				DEBUG_INFORMATION_FORMAT = dwarf;
				ENABLE_STRICT_OBJC_MSGSEND = YES;
				ENABLE_TESTABILITY = YES;
				GCC_C_LANGUAGE_STANDARD = gnu11;
				GCC_DYNAMIC_NO_PIC = NO;
				GCC_NO_COMMON_BLOCKS = YES;
				GCC_OPTIMIZATION_LEVEL = 0;
				GCC_PREPROCESSOR_DEFINITIONS = (
					"DEBUG=1",
					"$(inherited)",
				);
				GCC_WARN_64_TO_32_BIT_CONVERSION = YES;
				GCC_WARN_ABOUT_RETURN_TYPE = YES_ERROR;
				GCC_WARN_UNDECLARED_SELECTOR = YES;
				GCC_WARN_UNINITIALIZED_AUTOS = YES_AGGRESSIVE;
				GCC_WARN_UNUSED_FUNCTION = YES;
				GCC_WARN_UNUSED_VARIABLE = YES;
				IPHONEOS_DEPLOYMENT_TARGET = 16.4;
				MTL_ENABLE_DEBUG_INFO = INCLUDE_SOURCE;
				MTL_FAST_MATH = YES;
				ONLY_ACTIVE_ARCH = YES;
				SDKROOT = iphoneos;
				SWIFT_ACTIVE_COMPILATION_CONDITIONS = DEBUG;
				SWIFT_OPTIMIZATION_LEVEL = "-Onone";
			};
			name = Debug;
		};
		CF85FD6929FFE2D100362B53 /* Release */ = {
			isa = XCBuildConfiguration;
			buildSettings = {
				ALWAYS_SEARCH_USER_PATHS = NO;
				CLANG_ANALYZER_NONNULL = YES;
				CLANG_ANALYZER_NUMBER_OBJECT_CONVERSION = YES_AGGRESSIVE;
				CLANG_CXX_LANGUAGE_STANDARD = "gnu++20";
				CLANG_ENABLE_MODULES = YES;
				CLANG_ENABLE_OBJC_ARC = YES;
				CLANG_ENABLE_OBJC_WEAK = YES;
				CLANG_WARN_BLOCK_CAPTURE_AUTORELEASING = YES;
				CLANG_WARN_BOOL_CONVERSION = YES;
				CLANG_WARN_COMMA = YES;
				CLANG_WARN_CONSTANT_CONVERSION = YES;
				CLANG_WARN_DEPRECATED_OBJC_IMPLEMENTATIONS = YES;
				CLANG_WARN_DIRECT_OBJC_ISA_USAGE = YES_ERROR;
				CLANG_WARN_DOCUMENTATION_COMMENTS = YES;
				CLANG_WARN_EMPTY_BODY = YES;
				CLANG_WARN_ENUM_CONVERSION = YES;
				CLANG_WARN_INFINITE_RECURSION = YES;
				CLANG_WARN_INT_CONVERSION = YES;
				CLANG_WARN_NON_LITERAL_NULL_CONVERSION = YES;
				CLANG_WARN_OBJC_IMPLICIT_RETAIN_SELF = YES;
				CLANG_WARN_OBJC_LITERAL_CONVERSION = YES;
				CLANG_WARN_OBJC_ROOT_CLASS = YES_ERROR;
				CLANG_WARN_QUOTED_INCLUDE_IN_FRAMEWORK_HEADER = YES;
				CLANG_WARN_RANGE_LOOP_ANALYSIS = YES;
				CLANG_WARN_STRICT_PROTOTYPES = YES;
				CLANG_WARN_SUSPICIOUS_MOVE = YES;
				CLANG_WARN_UNGUARDED_AVAILABILITY = YES_AGGRESSIVE;
				CLANG_WARN_UNREACHABLE_CODE = YES;
				CLANG_WARN__DUPLICATE_METHOD_MATCH = YES;
				COPY_PHASE_STRIP = NO;
				DEBUG_INFORMATION_FORMAT = "dwarf-with-dsym";
				ENABLE_NS_ASSERTIONS = NO;
				ENABLE_STRICT_OBJC_MSGSEND = YES;
				GCC_C_LANGUAGE_STANDARD = gnu11;
				GCC_NO_COMMON_BLOCKS = YES;
				GCC_WARN_64_TO_32_BIT_CONVERSION = YES;
				GCC_WARN_ABOUT_RETURN_TYPE = YES_ERROR;
				GCC_WARN_UNDECLARED_SELECTOR = YES;
				GCC_WARN_UNINITIALIZED_AUTOS = YES_AGGRESSIVE;
				GCC_WARN_UNUSED_FUNCTION = YES;
				GCC_WARN_UNUSED_VARIABLE = YES;
				IPHONEOS_DEPLOYMENT_TARGET = 16.4;
				MTL_ENABLE_DEBUG_INFO = NO;
				MTL_FAST_MATH = YES;
				SDKROOT = iphoneos;
				SWIFT_COMPILATION_MODE = wholemodule;
				SWIFT_OPTIMIZATION_LEVEL = "-O";
				VALIDATE_PRODUCT = YES;
			};
			name = Release;
		};
		CF85FD6B29FFE2D100362B53 /* Debug */ = {
			isa = XCBuildConfiguration;
			baseConfigurationReference = 51B3B26B509DA6BF9CFD4E3A /* Pods-SportsApp.debug.xcconfig */;
			buildSettings = {
				ASSETCATALOG_COMPILER_APPICON_NAME = AppIcon;
				ASSETCATALOG_COMPILER_GLOBAL_ACCENT_COLOR_NAME = AccentColor;
				CODE_SIGN_STYLE = Automatic;
				CURRENT_PROJECT_VERSION = 1;
				GENERATE_INFOPLIST_FILE = YES;
				INFOPLIST_FILE = SportsApp/Info.plist;
				INFOPLIST_KEY_UIApplicationSupportsIndirectInputEvents = YES;
				INFOPLIST_KEY_UILaunchStoryboardName = LaunchScreen;
				INFOPLIST_KEY_UIMainStoryboardFile = Main;
				INFOPLIST_KEY_UISupportedInterfaceOrientations_iPad = "UIInterfaceOrientationPortrait UIInterfaceOrientationPortraitUpsideDown UIInterfaceOrientationLandscapeLeft UIInterfaceOrientationLandscapeRight";
				INFOPLIST_KEY_UISupportedInterfaceOrientations_iPhone = "UIInterfaceOrientationPortrait UIInterfaceOrientationLandscapeLeft UIInterfaceOrientationLandscapeRight";
				IPHONEOS_DEPLOYMENT_TARGET = 16.4;
				LD_RUNPATH_SEARCH_PATHS = (
					"$(inherited)",
					"@executable_path/Frameworks",
				);
				MARKETING_VERSION = 1.0;
				PRODUCT_BUNDLE_IDENTIFIER = soha.SportsApp;
				PRODUCT_NAME = "$(TARGET_NAME)";
				SWIFT_EMIT_LOC_STRINGS = YES;
				SWIFT_VERSION = 5.0;
				TARGETED_DEVICE_FAMILY = "1,2";
			};
			name = Debug;
		};
		CF85FD6C29FFE2D100362B53 /* Release */ = {
			isa = XCBuildConfiguration;
			baseConfigurationReference = 9396E6374F80A932A3819681 /* Pods-SportsApp.release.xcconfig */;
			buildSettings = {
				ASSETCATALOG_COMPILER_APPICON_NAME = AppIcon;
				ASSETCATALOG_COMPILER_GLOBAL_ACCENT_COLOR_NAME = AccentColor;
				CODE_SIGN_STYLE = Automatic;
				CURRENT_PROJECT_VERSION = 1;
				GENERATE_INFOPLIST_FILE = YES;
				INFOPLIST_FILE = SportsApp/Info.plist;
				INFOPLIST_KEY_UIApplicationSupportsIndirectInputEvents = YES;
				INFOPLIST_KEY_UILaunchStoryboardName = LaunchScreen;
				INFOPLIST_KEY_UIMainStoryboardFile = Main;
				INFOPLIST_KEY_UISupportedInterfaceOrientations_iPad = "UIInterfaceOrientationPortrait UIInterfaceOrientationPortraitUpsideDown UIInterfaceOrientationLandscapeLeft UIInterfaceOrientationLandscapeRight";
				INFOPLIST_KEY_UISupportedInterfaceOrientations_iPhone = "UIInterfaceOrientationPortrait UIInterfaceOrientationLandscapeLeft UIInterfaceOrientationLandscapeRight";
				IPHONEOS_DEPLOYMENT_TARGET = 16.4;
				LD_RUNPATH_SEARCH_PATHS = (
					"$(inherited)",
					"@executable_path/Frameworks",
				);
				MARKETING_VERSION = 1.0;
				PRODUCT_BUNDLE_IDENTIFIER = soha.SportsApp;
				PRODUCT_NAME = "$(TARGET_NAME)";
				SWIFT_EMIT_LOC_STRINGS = YES;
				SWIFT_VERSION = 5.0;
				TARGETED_DEVICE_FAMILY = "1,2";
			};
			name = Release;
		};
		CF8FDEBF2A081A7B0060AD7A /* Debug */ = {
			isa = XCBuildConfiguration;
			buildSettings = {
				BUNDLE_LOADER = "$(TEST_HOST)";
				CODE_SIGN_STYLE = Automatic;
				CURRENT_PROJECT_VERSION = 1;
				GENERATE_INFOPLIST_FILE = YES;
				IPHONEOS_DEPLOYMENT_TARGET = 16.4;
				MACOSX_DEPLOYMENT_TARGET = 13.2;
				MARKETING_VERSION = 1.0;
				PRODUCT_BUNDLE_IDENTIFIER = soha.SportsAppTests;
				PRODUCT_NAME = "$(TARGET_NAME)";
				SDKROOT = auto;
				SUPPORTED_PLATFORMS = "iphoneos iphonesimulator macosx";
				SWIFT_EMIT_LOC_STRINGS = NO;
				SWIFT_VERSION = 5.0;
				TARGETED_DEVICE_FAMILY = "1,2";
				TEST_HOST = "$(BUILT_PRODUCTS_DIR)/SportsApp.app/$(BUNDLE_EXECUTABLE_FOLDER_PATH)/SportsApp";
			};
			name = Debug;
		};
		CF8FDEC02A081A7B0060AD7A /* Release */ = {
			isa = XCBuildConfiguration;
			buildSettings = {
				BUNDLE_LOADER = "$(TEST_HOST)";
				CODE_SIGN_STYLE = Automatic;
				CURRENT_PROJECT_VERSION = 1;
				GENERATE_INFOPLIST_FILE = YES;
				IPHONEOS_DEPLOYMENT_TARGET = 16.4;
				MACOSX_DEPLOYMENT_TARGET = 13.2;
				MARKETING_VERSION = 1.0;
				PRODUCT_BUNDLE_IDENTIFIER = soha.SportsAppTests;
				PRODUCT_NAME = "$(TARGET_NAME)";
				SDKROOT = auto;
				SUPPORTED_PLATFORMS = "iphoneos iphonesimulator macosx";
				SWIFT_EMIT_LOC_STRINGS = NO;
				SWIFT_VERSION = 5.0;
				TARGETED_DEVICE_FAMILY = "1,2";
				TEST_HOST = "$(BUILT_PRODUCTS_DIR)/SportsApp.app/$(BUNDLE_EXECUTABLE_FOLDER_PATH)/SportsApp";
			};
			name = Release;
		};
/* End XCBuildConfiguration section */

/* Begin XCConfigurationList section */
		CF85FD4E29FFE2CE00362B53 /* Build configuration list for PBXProject "SportsApp" */ = {
			isa = XCConfigurationList;
			buildConfigurations = (
				CF85FD6829FFE2D100362B53 /* Debug */,
				CF85FD6929FFE2D100362B53 /* Release */,
			);
			defaultConfigurationIsVisible = 0;
			defaultConfigurationName = Release;
		};
		CF85FD6A29FFE2D100362B53 /* Build configuration list for PBXNativeTarget "SportsApp" */ = {
			isa = XCConfigurationList;
			buildConfigurations = (
				CF85FD6B29FFE2D100362B53 /* Debug */,
				CF85FD6C29FFE2D100362B53 /* Release */,
			);
			defaultConfigurationIsVisible = 0;
			defaultConfigurationName = Release;
		};
		CF8FDEBE2A081A7B0060AD7A /* Build configuration list for PBXNativeTarget "SportsAppTests" */ = {
			isa = XCConfigurationList;
			buildConfigurations = (
				CF8FDEBF2A081A7B0060AD7A /* Debug */,
				CF8FDEC02A081A7B0060AD7A /* Release */,
			);
			defaultConfigurationIsVisible = 0;
			defaultConfigurationName = Release;
		};
/* End XCConfigurationList section */

/* Begin XCVersionGroup section */
		CF85FD5F29FFE2CE00362B53 /* SportsApp.xcdatamodeld */ = {
			isa = XCVersionGroup;
			children = (
				CF85FD6029FFE2CE00362B53 /* SportsApp.xcdatamodel */,
			);
			currentVersion = CF85FD6029FFE2CE00362B53 /* SportsApp.xcdatamodel */;
			path = SportsApp.xcdatamodeld;
			sourceTree = "<group>";
			versionGroupType = wrapper.xcdatamodel;
		};
/* End XCVersionGroup section */
	};
	rootObject = CF85FD4B29FFE2CE00362B53 /* Project object */;
}
